
Microsoft Visual Studio Solution File, Format Version 12.00
# Visual Studio 15
VisualStudioVersion = 15.0.27130.2027
MinimumVisualStudioVersion = 10.0.40219.1
Project("{FAE04EC0-301F-11D3-BF4B-00C04F79EFBC}") = "nilnul._obj_._LIB_", "nilnul._obj_._LIB_.csproj", "{04F7924B-1268-4514-B3B7-EE563C7A8E15}"
EndProject
Global
	GlobalSection(SolutionConfigurationPlatforms) = preSolution
		_Temp|Any CPU = _Temp|Any CPU
		Debug|Any CPU = Debug|Any CPU
		Hbue40|Any CPU = Hbue40|Any CPU
		PreferChinese|Any CPU = PreferChinese|Any CPU
		Release_PreferChinese|Any CPU = Release_PreferChinese|Any CPU
		Release|Any CPU = Release|Any CPU
	EndGlobalSection
	GlobalSection(ProjectConfigurationPlatforms) = postSolution
		{04F7924B-1268-4514-B3B7-EE563C7A8E15}._Temp|Any CPU.ActiveCfg = _Temp|Any CPU
		{04F7924B-1268-4514-B3B7-EE563C7A8E15}._Temp|Any CPU.Build.0 = _Temp|Any CPU
		{04F7924B-1268-4514-B3B7-EE563C7A8E15}.Debug|Any CPU.ActiveCfg = Debug|Any CPU
		{04F7924B-1268-4514-B3B7-EE563C7A8E15}.Debug|Any CPU.Build.0 = Debug|Any CPU
		{04F7924B-1268-4514-B3B7-EE563C7A8E15}.Hbue40|Any CPU.ActiveCfg = Hbue40|Any CPU
		{04F7924B-1268-4514-B3B7-EE563C7A8E15}.Hbue40|Any CPU.Build.0 = Hbue40|Any CPU
		{04F7924B-1268-4514-B3B7-EE563C7A8E15}.PreferChinese|Any CPU.ActiveCfg = PreferChinese|Any CPU
		{04F7924B-1268-4514-B3B7-EE563C7A8E15}.PreferChinese|Any CPU.Build.0 = PreferChinese|Any CPU
		{04F7924B-1268-4514-B3B7-EE563C7A8E15}.Release_PreferChinese|Any CPU.ActiveCfg = Release_PreferChinese|Any CPU
		{04F7924B-1268-4514-B3B7-EE563C7A8E15}.Release_PreferChinese|Any CPU.Build.0 = Release_PreferChinese|Any CPU
		{04F7924B-1268-4514-B3B7-EE563C7A8E15}.Release|Any CPU.ActiveCfg = Release|Any CPU
		{04F7924B-1268-4514-B3B7-EE563C7A8E15}.Release|Any CPU.Build.0 = Release|Any CPU
	EndGlobalSection
	GlobalSection(SolutionProperties) = preSolution
		HideSolutionNode = FALSE
	EndGlobalSection
	GlobalSection(ExtensibilityGlobals) = postSolution
		SolutionGuid = {0214967D-DC30-41DF-88ED-CDC84E6713E9}
	EndGlobalSection
EndGlobal
